// !$*UTF8*$!
{
	archiveVersion = 1;
	classes = {
	};
	objectVersion = 51;
	objects = {

/* Begin PBXBuildFile section */
		36895575C745581746AD5382 /* Pods_HJExcelTable.framework in Frameworks */ = {isa = PBXBuildFile; fileRef = 023B393597F5499527D36064 /* Pods_HJExcelTable.framework */; };
		D2A7C07D2320BD1500A60708 /* AppDelegate.m in Sources */ = {isa = PBXBuildFile; fileRef = D2A7C07C2320BD1500A60708 /* AppDelegate.m */; };
		D2A7C0832320BD1500A60708 /* Main.storyboard in Resources */ = {isa = PBXBuildFile; fileRef = D2A7C0812320BD1500A60708 /* Main.storyboard */; };
		D2A7C0852320BD1800A60708 /* Assets.xcassets in Resources */ = {isa = PBXBuildFile; fileRef = D2A7C0842320BD1800A60708 /* Assets.xcassets */; };
		D2A7C0882320BD1800A60708 /* LaunchScreen.storyboard in Resources */ = {isa = PBXBuildFile; fileRef = D2A7C0862320BD1800A60708 /* LaunchScreen.storyboard */; };
		D2A7C08B2320BD1800A60708 /* main.m in Sources */ = {isa = PBXBuildFile; fileRef = D2A7C08A2320BD1800A60708 /* main.m */; };
		D2A7C0952320BD1800A60708 /* HJExcelTableTests.m in Sources */ = {isa = PBXBuildFile; fileRef = D2A7C0942320BD1800A60708 /* HJExcelTableTests.m */; };
		D2A7C0A02320BD1800A60708 /* HJExcelTableUITests.m in Sources */ = {isa = PBXBuildFile; fileRef = D2A7C09F2320BD1800A60708 /* HJExcelTableUITests.m */; };
		D2A7C0B22320DCA500A60708 /* HJExcelCell.m in Sources */ = {isa = PBXBuildFile; fileRef = D2A7C0AE2320DCA400A60708 /* HJExcelCell.m */; };
		D2A7C0B32320DCA500A60708 /* HJExcelTable.m in Sources */ = {isa = PBXBuildFile; fileRef = D2A7C0B02320DCA400A60708 /* HJExcelTable.m */; };
		D2A7C0BA2320EC2500A60708 /* HJExcelDemoController.m in Sources */ = {isa = PBXBuildFile; fileRef = D2A7C0B92320EC2500A60708 /* HJExcelDemoController.m */; };
/* End PBXBuildFile section */

/* Begin PBXContainerItemProxy section */
		D2A7C0912320BD1800A60708 /* PBXContainerItemProxy */ = {
			isa = PBXContainerItemProxy;
			containerPortal = D2A7C0702320BD1500A60708 /* Project object */;
			proxyType = 1;
			remoteGlobalIDString = D2A7C0772320BD1500A60708;
			remoteInfo = HJExcelTable;
		};
		D2A7C09C2320BD1800A60708 /* PBXContainerItemProxy */ = {
			isa = PBXContainerItemProxy;
			containerPortal = D2A7C0702320BD1500A60708 /* Project object */;
			proxyType = 1;
			remoteGlobalIDString = D2A7C0772320BD1500A60708;
			remoteInfo = HJExcelTable;
		};
/* End PBXContainerItemProxy section */

/* Begin PBXFileReference section */
		023B393597F5499527D36064 /* Pods_HJExcelTable.framework */ = {isa = PBXFileReference; explicitFileType = wrapper.framework; includeInIndex = 0; path = Pods_HJExcelTable.framework; sourceTree = BUILT_PRODUCTS_DIR; };
		42DA07CA019944BDFE2C4095 /* Pods-HJExcelTable.release.xcconfig */ = {isa = PBXFileReference; includeInIndex = 1; lastKnownFileType = text.xcconfig; name = "Pods-HJExcelTable.release.xcconfig"; path = "Target Support Files/Pods-HJExcelTable/Pods-HJExcelTable.release.xcconfig"; sourceTree = "<group>"; };
		D2A7C0782320BD1500A60708 /* HJExcelTable.app */ = {isa = PBXFileReference; explicitFileType = wrapper.application; includeInIndex = 0; path = HJExcelTable.app; sourceTree = BUILT_PRODUCTS_DIR; };
		D2A7C07B2320BD1500A60708 /* AppDelegate.h */ = {isa = PBXFileReference; lastKnownFileType = sourcecode.c.h; path = AppDelegate.h; sourceTree = "<group>"; };
		D2A7C07C2320BD1500A60708 /* AppDelegate.m */ = {isa = PBXFileReference; lastKnownFileType = sourcecode.c.objc; path = AppDelegate.m; sourceTree = "<group>"; };
		D2A7C0822320BD1500A60708 /* Base */ = {isa = PBXFileReference; lastKnownFileType = file.storyboard; name = Base; path = Base.lproj/Main.storyboard; sourceTree = "<group>"; };
		D2A7C0842320BD1800A60708 /* Assets.xcassets */ = {isa = PBXFileReference; lastKnownFileType = folder.assetcatalog; path = Assets.xcassets; sourceTree = "<group>"; };
		D2A7C0872320BD1800A60708 /* Base */ = {isa = PBXFileReference; lastKnownFileType = file.storyboard; name = Base; path = Base.lproj/LaunchScreen.storyboard; sourceTree = "<group>"; };
		D2A7C0892320BD1800A60708 /* Info.plist */ = {isa = PBXFileReference; lastKnownFileType = text.plist.xml; path = Info.plist; sourceTree = "<group>"; };
		D2A7C08A2320BD1800A60708 /* main.m */ = {isa = PBXFileReference; lastKnownFileType = sourcecode.c.objc; path = main.m; sourceTree = "<group>"; };
		D2A7C0902320BD1800A60708 /* HJExcelTableTests.xctest */ = {isa = PBXFileReference; explicitFileType = wrapper.cfbundle; includeInIndex = 0; path = HJExcelTableTests.xctest; sourceTree = BUILT_PRODUCTS_DIR; };
		D2A7C0942320BD1800A60708 /* HJExcelTableTests.m */ = {isa = PBXFileReference; lastKnownFileType = sourcecode.c.objc; path = HJExcelTableTests.m; sourceTree = "<group>"; };
		D2A7C0962320BD1800A60708 /* Info.plist */ = {isa = PBXFileReference; lastKnownFileType = text.plist.xml; path = Info.plist; sourceTree = "<group>"; };
		D2A7C09B2320BD1800A60708 /* HJExcelTableUITests.xctest */ = {isa = PBXFileReference; explicitFileType = wrapper.cfbundle; includeInIndex = 0; path = HJExcelTableUITests.xctest; sourceTree = BUILT_PRODUCTS_DIR; };
		D2A7C09F2320BD1800A60708 /* HJExcelTableUITests.m */ = {isa = PBXFileReference; lastKnownFileType = sourcecode.c.objc; path = HJExcelTableUITests.m; sourceTree = "<group>"; };
		D2A7C0A12320BD1800A60708 /* Info.plist */ = {isa = PBXFileReference; lastKnownFileType = text.plist.xml; path = Info.plist; sourceTree = "<group>"; };
		D2A7C0AE2320DCA400A60708 /* HJExcelCell.m */ = {isa = PBXFileReference; fileEncoding = 4; lastKnownFileType = sourcecode.c.objc; path = HJExcelCell.m; sourceTree = "<group>"; };
		D2A7C0AF2320DCA400A60708 /* HJExcelTable.h */ = {isa = PBXFileReference; fileEncoding = 4; lastKnownFileType = sourcecode.c.h; path = HJExcelTable.h; sourceTree = "<group>"; };
		D2A7C0B02320DCA400A60708 /* HJExcelTable.m */ = {isa = PBXFileReference; fileEncoding = 4; lastKnownFileType = sourcecode.c.objc; path = HJExcelTable.m; sourceTree = "<group>"; };
		D2A7C0B12320DCA400A60708 /* HJExcelCell.h */ = {isa = PBXFileReference; fileEncoding = 4; lastKnownFileType = sourcecode.c.h; path = HJExcelCell.h; sourceTree = "<group>"; };
		D2A7C0B42320E2AE00A60708 /* HJExcelConst.h */ = {isa = PBXFileReference; lastKnownFileType = sourcecode.c.h; path = HJExcelConst.h; sourceTree = "<group>"; };
		D2A7C0B82320EC2500A60708 /* HJExcelDemoController.h */ = {isa = PBXFileReference; lastKnownFileType = sourcecode.c.h; path = HJExcelDemoController.h; sourceTree = "<group>"; };
		D2A7C0B92320EC2500A60708 /* HJExcelDemoController.m */ = {isa = PBXFileReference; lastKnownFileType = sourcecode.c.objc; path = HJExcelDemoController.m; sourceTree = "<group>"; };
		D8F2C7549D7EAB7C248962DF /* Pods-HJExcelTable.debug.xcconfig */ = {isa = PBXFileReference; includeInIndex = 1; lastKnownFileType = text.xcconfig; name = "Pods-HJExcelTable.debug.xcconfig"; path = "Target Support Files/Pods-HJExcelTable/Pods-HJExcelTable.debug.xcconfig"; sourceTree = "<group>"; };
/* End PBXFileReference section */

/* Begin PBXFrameworksBuildPhase section */
		D2A7C0752320BD1500A60708 /* Frameworks */ = {
			isa = PBXFrameworksBuildPhase;
			buildActionMask = 2147483647;
			files = (
				36895575C745581746AD5382 /* Pods_HJExcelTable.framework in Frameworks */,
			);
			runOnlyForDeploymentPostprocessing = 0;
		};
		D2A7C08D2320BD1800A60708 /* Frameworks */ = {
			isa = PBXFrameworksBuildPhase;
			buildActionMask = 2147483647;
			files = (
			);
			runOnlyForDeploymentPostprocessing = 0;
		};
		D2A7C0982320BD1800A60708 /* Frameworks */ = {
			isa = PBXFrameworksBuildPhase;
			buildActionMask = 2147483647;
			files = (
			);
			runOnlyForDeploymentPostprocessing = 0;
		};
/* End PBXFrameworksBuildPhase section */

/* Begin PBXGroup section */
		5385A2AB0660C54C5635EC28 /* Frameworks */ = {
			isa = PBXGroup;
			children = (
				023B393597F5499527D36064 /* Pods_HJExcelTable.framework */,
			);
			name = Frameworks;
			sourceTree = "<group>";
		};
		88F425DD6A43B080B49F88FC /* Pods */ = {
			isa = PBXGroup;
			children = (
				D8F2C7549D7EAB7C248962DF /* Pods-HJExcelTable.debug.xcconfig */,
				42DA07CA019944BDFE2C4095 /* Pods-HJExcelTable.release.xcconfig */,
			);
			path = Pods;
			sourceTree = "<group>";
		};
		D2A7C06F2320BD1500A60708 = {
			isa = PBXGroup;
			children = (
				D2A7C07A2320BD1500A60708 /* HJExcelTable */,
				D2A7C0932320BD1800A60708 /* HJExcelTableTests */,
				D2A7C09E2320BD1800A60708 /* HJExcelTableUITests */,
				D2A7C0792320BD1500A60708 /* Products */,
				88F425DD6A43B080B49F88FC /* Pods */,
				5385A2AB0660C54C5635EC28 /* Frameworks */,
			);
			sourceTree = "<group>";
		};
		D2A7C0792320BD1500A60708 /* Products */ = {
			isa = PBXGroup;
			children = (
				D2A7C0782320BD1500A60708 /* HJExcelTable.app */,
				D2A7C0902320BD1800A60708 /* HJExcelTableTests.xctest */,
				D2A7C09B2320BD1800A60708 /* HJExcelTableUITests.xctest */,
			);
			name = Products;
			sourceTree = "<group>";
		};
		D2A7C07A2320BD1500A60708 /* HJExcelTable */ = {
			isa = PBXGroup;
			children = (
				D2A7C0B72320EBD400A60708 /* demo */,
				D2A7C0AD2320DCA400A60708 /* excel */,
				D2A7C07B2320BD1500A60708 /* AppDelegate.h */,
				D2A7C07C2320BD1500A60708 /* AppDelegate.m */,
				D2A7C0812320BD1500A60708 /* Main.storyboard */,
				D2A7C0842320BD1800A60708 /* Assets.xcassets */,
				D2A7C0862320BD1800A60708 /* LaunchScreen.storyboard */,
				D2A7C0892320BD1800A60708 /* Info.plist */,
				D2A7C08A2320BD1800A60708 /* main.m */,
			);
			path = HJExcelTable;
			sourceTree = "<group>";
		};
		D2A7C0932320BD1800A60708 /* HJExcelTableTests */ = {
			isa = PBXGroup;
			children = (
				D2A7C0942320BD1800A60708 /* HJExcelTableTests.m */,
				D2A7C0962320BD1800A60708 /* Info.plist */,
			);
			path = HJExcelTableTests;
			sourceTree = "<group>";
		};
		D2A7C09E2320BD1800A60708 /* HJExcelTableUITests */ = {
			isa = PBXGroup;
			children = (
				D2A7C09F2320BD1800A60708 /* HJExcelTableUITests.m */,
				D2A7C0A12320BD1800A60708 /* Info.plist */,
			);
			path = HJExcelTableUITests;
			sourceTree = "<group>";
		};
		D2A7C0AD2320DCA400A60708 /* excel */ = {
			isa = PBXGroup;
			children = (
				D2A7C0B12320DCA400A60708 /* HJExcelCell.h */,
				D2A7C0AE2320DCA400A60708 /* HJExcelCell.m */,
				D2A7C0AF2320DCA400A60708 /* HJExcelTable.h */,
				D2A7C0B02320DCA400A60708 /* HJExcelTable.m */,
				D2A7C0B42320E2AE00A60708 /* HJExcelConst.h */,
			);
			path = excel;
			sourceTree = "<group>";
		};
		D2A7C0B72320EBD400A60708 /* demo */ = {
			isa = PBXGroup;
			children = (
				D2A7C0B82320EC2500A60708 /* HJExcelDemoController.h */,
				D2A7C0B92320EC2500A60708 /* HJExcelDemoController.m */,
			);
			path = demo;
			sourceTree = "<group>";
		};
/* End PBXGroup section */

/* Begin PBXNativeTarget section */
		D2A7C0772320BD1500A60708 /* HJExcelTable */ = {
			isa = PBXNativeTarget;
			buildConfigurationList = D2A7C0A42320BD1800A60708 /* Build configuration list for PBXNativeTarget "HJExcelTable" */;
			buildPhases = (
				611AAA0950AED49FB2059075 /* [CP] Check Pods Manifest.lock */,
				D2A7C0742320BD1500A60708 /* Sources */,
				D2A7C0752320BD1500A60708 /* Frameworks */,
				D2A7C0762320BD1500A60708 /* Resources */,
				7DDEE6CEC09EA5EBC9B0AB57 /* [CP] Embed Pods Frameworks */,
			);
			buildRules = (
			);
			dependencies = (
			);
			name = HJExcelTable;
			productName = HJExcelTable;
			productReference = D2A7C0782320BD1500A60708 /* HJExcelTable.app */;
			productType = "com.apple.product-type.application";
		};
		D2A7C08F2320BD1800A60708 /* HJExcelTableTests */ = {
			isa = PBXNativeTarget;
			buildConfigurationList = D2A7C0A72320BD1800A60708 /* Build configuration list for PBXNativeTarget "HJExcelTableTests" */;
			buildPhases = (
				D2A7C08C2320BD1800A60708 /* Sources */,
				D2A7C08D2320BD1800A60708 /* Frameworks */,
				D2A7C08E2320BD1800A60708 /* Resources */,
			);
			buildRules = (
			);
			dependencies = (
				D2A7C0922320BD1800A60708 /* PBXTargetDependency */,
			);
			name = HJExcelTableTests;
			productName = HJExcelTableTests;
			productReference = D2A7C0902320BD1800A60708 /* HJExcelTableTests.xctest */;
			productType = "com.apple.product-type.bundle.unit-test";
		};
		D2A7C09A2320BD1800A60708 /* HJExcelTableUITests */ = {
			isa = PBXNativeTarget;
			buildConfigurationList = D2A7C0AA2320BD1800A60708 /* Build configuration list for PBXNativeTarget "HJExcelTableUITests" */;
			buildPhases = (
				D2A7C0972320BD1800A60708 /* Sources */,
				D2A7C0982320BD1800A60708 /* Frameworks */,
				D2A7C0992320BD1800A60708 /* Resources */,
			);
			buildRules = (
			);
			dependencies = (
				D2A7C09D2320BD1800A60708 /* PBXTargetDependency */,
			);
			name = HJExcelTableUITests;
			productName = HJExcelTableUITests;
			productReference = D2A7C09B2320BD1800A60708 /* HJExcelTableUITests.xctest */;
			productType = "com.apple.product-type.bundle.ui-testing";
		};
/* End PBXNativeTarget section */

/* Begin PBXProject section */
		D2A7C0702320BD1500A60708 /* Project object */ = {
			isa = PBXProject;
			attributes = {
				LastUpgradeCheck = 1020;
				ORGANIZATIONNAME = WHJ;
				TargetAttributes = {
					D2A7C0772320BD1500A60708 = {
						CreatedOnToolsVersion = 10.2.1;
					};
					D2A7C08F2320BD1800A60708 = {
						CreatedOnToolsVersion = 10.2.1;
						TestTargetID = D2A7C0772320BD1500A60708;
					};
					D2A7C09A2320BD1800A60708 = {
						CreatedOnToolsVersion = 10.2.1;
						TestTargetID = D2A7C0772320BD1500A60708;
					};
				};
			};
			buildConfigurationList = D2A7C0732320BD1500A60708 /* Build configuration list for PBXProject "HJExcelTable" */;
			compatibilityVersion = "Xcode 9.3";
			developmentRegion = en;
			hasScannedForEncodings = 0;
			knownRegions = (
				en,
				Base,
			);
			mainGroup = D2A7C06F2320BD1500A60708;
			productRefGroup = D2A7C0792320BD1500A60708 /* Products */;
			projectDirPath = "";
			projectRoot = "";
			targets = (
				D2A7C0772320BD1500A60708 /* HJExcelTable */,
				D2A7C08F2320BD1800A60708 /* HJExcelTableTests */,
				D2A7C09A2320BD1800A60708 /* HJExcelTableUITests */,
			);
		};
/* End PBXProject section */

/* Begin PBXResourcesBuildPhase section */
		D2A7C0762320BD1500A60708 /* Resources */ = {
			isa = PBXResourcesBuildPhase;
			buildActionMask = 2147483647;
			files = (
				D2A7C0882320BD1800A60708 /* LaunchScreen.storyboard in Resources */,
				D2A7C0852320BD1800A60708 /* Assets.xcassets in Resources */,
				D2A7C0832320BD1500A60708 /* Main.storyboard in Resources */,
			);
			runOnlyForDeploymentPostprocessing = 0;
		};
		D2A7C08E2320BD1800A60708 /* Resources */ = {
			isa = PBXResourcesBuildPhase;
			buildActionMask = 2147483647;
			files = (
			);
			runOnlyForDeploymentPostprocessing = 0;
		};
		D2A7C0992320BD1800A60708 /* Resources */ = {
			isa = PBXResourcesBuildPhase;
			buildActionMask = 2147483647;
			files = (
			);
			runOnlyForDeploymentPostprocessing = 0;
		};
/* End PBXResourcesBuildPhase section */

/* Begin PBXShellScriptBuildPhase section */
		611AAA0950AED49FB2059075 /* [CP] Check Pods Manifest.lock */ = {
			isa = PBXShellScriptBuildPhase;
			buildActionMask = 2147483647;
			files = (
			);
			inputFileListPaths = (
			);
			inputPaths = (
				"${PODS_PODFILE_DIR_PATH}/Podfile.lock",
				"${PODS_ROOT}/Manifest.lock",
			);
			name = "[CP] Check Pods Manifest.lock";
			outputFileListPaths = (
			);
			outputPaths = (
				"$(DERIVED_FILE_DIR)/Pods-HJExcelTable-checkManifestLockResult.txt",
			);
			runOnlyForDeploymentPostprocessing = 0;
			shellPath = /bin/sh;
			shellScript = "diff \"${PODS_PODFILE_DIR_PATH}/Podfile.lock\" \"${PODS_ROOT}/Manifest.lock\" > /dev/null\nif [ $? != 0 ] ; then\n    # print error to STDERR\n    echo \"error: The sandbox is not in sync with the Podfile.lock. Run 'pod install' or update your CocoaPods installation.\" >&2\n    exit 1\nfi\n# This output is used by Xcode 'outputs' to avoid re-running this script phase.\necho \"SUCCESS\" > \"${SCRIPT_OUTPUT_FILE_0}\"\n";
			showEnvVarsInLog = 0;
		};
		7DDEE6CEC09EA5EBC9B0AB57 /* [CP] Embed Pods Frameworks */ = {
			isa = PBXShellScriptBuildPhase;
			buildActionMask = 2147483647;
			files = (
			);
			inputFileListPaths = (
				"${PODS_ROOT}/Target Support Files/Pods-HJExcelTable/Pods-HJExcelTable-frameworks-${CONFIGURATION}-input-files.xcfilelist",
			);
			name = "[CP] Embed Pods Frameworks";
			outputFileListPaths = (
				"${PODS_ROOT}/Target Support Files/Pods-HJExcelTable/Pods-HJExcelTable-frameworks-${CONFIGURATION}-output-files.xcfilelist",
			);
			runOnlyForDeploymentPostprocessing = 0;
			shellPath = /bin/sh;
			shellScript = "\"${PODS_ROOT}/Target Support Files/Pods-HJExcelTable/Pods-HJExcelTable-frameworks.sh\"\n";
			showEnvVarsInLog = 0;
		};
/* End PBXShellScriptBuildPhase section */

/* Begin PBXSourcesBuildPhase section */
		D2A7C0742320BD1500A60708 /* Sources */ = {
			isa = PBXSourcesBuildPhase;
			buildActionMask = 2147483647;
			files = (
				D2A7C0BA2320EC2500A60708 /* HJExcelDemoController.m in Sources */,
				D2A7C0B32320DCA500A60708 /* HJExcelTable.m in Sources */,
				D2A7C08B2320BD1800A60708 /* main.m in Sources */,
				D2A7C07D2320BD1500A60708 /* AppDelegate.m in Sources */,
				D2A7C0B22320DCA500A60708 /* HJExcelCell.m in Sources */,
			);
			runOnlyForDeploymentPostprocessing = 0;
		};
		D2A7C08C2320BD1800A60708 /* Sources */ = {
			isa = PBXSourcesBuildPhase;
			buildActionMask = 2147483647;
			files = (
				D2A7C0952320BD1800A60708 /* HJExcelTableTests.m in Sources */,
			);
			runOnlyForDeploymentPostprocessing = 0;
		};
		D2A7C0972320BD1800A60708 /* Sources */ = {
			isa = PBXSourcesBuildPhase;
			buildActionMask = 2147483647;
			files = (
				D2A7C0A02320BD1800A60708 /* HJExcelTableUITests.m in Sources */,
			);
			runOnlyForDeploymentPostprocessing = 0;
		};
/* End PBXSourcesBuildPhase section */

/* Begin PBXTargetDependency section */
		D2A7C0922320BD1800A60708 /* PBXTargetDependency */ = {
			isa = PBXTargetDependency;
			target = D2A7C0772320BD1500A60708 /* HJExcelTable */;
			targetProxy = D2A7C0912320BD1800A60708 /* PBXContainerItemProxy */;
		};
		D2A7C09D2320BD1800A60708 /* PBXTargetDependency */ = {
			isa = PBXTargetDependency;
			target = D2A7C0772320BD1500A60708 /* HJExcelTable */;
			targetProxy = D2A7C09C2320BD1800A60708 /* PBXContainerItemProxy */;
		};
/* End PBXTargetDependency section */

/* Begin PBXVariantGroup section */
		D2A7C0812320BD1500A60708 /* Main.storyboard */ = {
			isa = PBXVariantGroup;
			children = (
				D2A7C0822320BD1500A60708 /* Base */,
			);
			name = Main.storyboard;
			sourceTree = "<group>";
		};
		D2A7C0862320BD1800A60708 /* LaunchScreen.storyboard */ = {
			isa = PBXVariantGroup;
			children = (
				D2A7C0872320BD1800A60708 /* Base */,
			);
			name = LaunchScreen.storyboard;
			sourceTree = "<group>";
		};
/* End PBXVariantGroup section */

/* Begin XCBuildConfiguration section */
		D2A7C0A22320BD1800A60708 /* Debug */ = {
			isa = XCBuildConfiguration;
			buildSettings = {
				ALWAYS_SEARCH_USER_PATHS = NO;
				CLANG_ANALYZER_NONNULL = YES;
				CLANG_ANALYZER_NUMBER_OBJECT_CONVERSION = YES_AGGRESSIVE;
				CLANG_CXX_LANGUAGE_STANDARD = "gnu++14";
				CLANG_CXX_LIBRARY = "libc++";
				CLANG_ENABLE_MODULES = YES;
				CLANG_ENABLE_OBJC_ARC = YES;
				CLANG_ENABLE_OBJC_WEAK = YES;
				CLANG_WARN_BLOCK_CAPTURE_AUTORELEASING = YES;
				CLANG_WARN_BOOL_CONVERSION = YES;
				CLANG_WARN_COMMA = YES;
				CLANG_WARN_CONSTANT_CONVERSION = YES;
				CLANG_WARN_DEPRECATED_OBJC_IMPLEMENTATIONS = YES;
				CLANG_WARN_DIRECT_OBJC_ISA_USAGE = YES_ERROR;
				CLANG_WARN_DOCUMENTATION_COMMENTS = YES;
				CLANG_WARN_EMPTY_BODY = YES;
				CLANG_WARN_ENUM_CONVERSION = YES;
				CLANG_WARN_INFINITE_RECURSION = YES;
				CLANG_WARN_INT_CONVERSION = YES;
				CLANG_WARN_NON_LITERAL_NULL_CONVERSION = YES;
				CLANG_WARN_OBJC_IMPLICIT_RETAIN_SELF = YES;
				CLANG_WARN_OBJC_LITERAL_CONVERSION = YES;
				CLANG_WARN_OBJC_ROOT_CLASS = YES_ERROR;
				CLANG_WARN_RANGE_LOOP_ANALYSIS = YES;
				CLANG_WARN_STRICT_PROTOTYPES = YES;
				CLANG_WARN_SUSPICIOUS_MOVE = YES;
				CLANG_WARN_UNGUARDED_AVAILABILITY = YES_AGGRESSIVE;
				CLANG_WARN_UNREACHABLE_CODE = YES;
				CLANG_WARN__DUPLICATE_METHOD_MATCH = YES;
				CODE_SIGN_IDENTITY = "iPhone Developer";
				COPY_PHASE_STRIP = NO;
				DEBUG_INFORMATION_FORMAT = dwarf;
				ENABLE_STRICT_OBJC_MSGSEND = YES;
				ENABLE_TESTABILITY = YES;
				GCC_C_LANGUAGE_STANDARD = gnu11;
				GCC_DYNAMIC_NO_PIC = NO;
				GCC_NO_COMMON_BLOCKS = YES;
				GCC_OPTIMIZATION_LEVEL = 0;
				GCC_PREPROCESSOR_DEFINITIONS = (
					"DEBUG=1",
					"$(inherited)",
				);
				GCC_WARN_64_TO_32_BIT_CONVERSION = YES;
				GCC_WARN_ABOUT_RETURN_TYPE = YES_ERROR;
				GCC_WARN_UNDECLARED_SELECTOR = YES;
				GCC_WARN_UNINITIALIZED_AUTOS = YES_AGGRESSIVE;
				GCC_WARN_UNUSED_FUNCTION = YES;
				GCC_WARN_UNUSED_VARIABLE = YES;
				IPHONEOS_DEPLOYMENT_TARGET = 12.2;
				MTL_ENABLE_DEBUG_INFO = INCLUDE_SOURCE;
				MTL_FAST_MATH = YES;
				ONLY_ACTIVE_ARCH = YES;
				SDKROOT = iphoneos;
			};
			name = Debug;
		};
		D2A7C0A32320BD1800A60708 /* Release */ = {
			isa = XCBuildConfiguration;
			buildSettings = {
				ALWAYS_SEARCH_USER_PATHS = NO;
				CLANG_ANALYZER_NONNULL = YES;
				CLANG_ANALYZER_NUMBER_OBJECT_CONVERSION = YES_AGGRESSIVE;
				CLANG_CXX_LANGUAGE_STANDARD = "gnu++14";
				CLANG_CXX_LIBRARY = "libc++";
				CLANG_ENABLE_MODULES = YES;
				CLANG_ENABLE_OBJC_ARC = YES;
				CLANG_ENABLE_OBJC_WEAK = YES;
				CLANG_WARN_BLOCK_CAPTURE_AUTORELEASING = YES;
				CLANG_WARN_BOOL_CONVERSION = YES;
				CLANG_WARN_COMMA = YES;
				CLANG_WARN_CONSTANT_CONVERSION = YES;
				CLANG_WARN_DEPRECATED_OBJC_IMPLEMENTATIONS = YES;
				CLANG_WARN_DIRECT_OBJC_ISA_USAGE = YES_ERROR;
				CLANG_WARN_DOCUMENTATION_COMMENTS = YES;
				CLANG_WARN_EMPTY_BODY = YES;
				CLANG_WARN_ENUM_CONVERSION = YES;
				CLANG_WARN_INFINITE_RECURSION = YES;
				CLANG_WARN_INT_CONVERSION = YES;
				CLANG_WARN_NON_LITERAL_NULL_CONVERSION = YES;
				CLANG_WARN_OBJC_IMPLICIT_RETAIN_SELF = YES;
				CLANG_WARN_OBJC_LITERAL_CONVERSION = YES;
				CLANG_WARN_OBJC_ROOT_CLASS = YES_ERROR;
				CLANG_WARN_RANGE_LOOP_ANALYSIS = YES;
				CLANG_WARN_STRICT_PROTOTYPES = YES;
				CLANG_WARN_SUSPICIOUS_MOVE = YES;
				CLANG_WARN_UNGUARDED_AVAILABILITY = YES_AGGRESSIVE;
				CLANG_WARN_UNREACHABLE_CODE = YES;
				CLANG_WARN__DUPLICATE_METHOD_MATCH = YES;
				CODE_SIGN_IDENTITY = "iPhone Developer";
				COPY_PHASE_STRIP = NO;
				DEBUG_INFORMATION_FORMAT = "dwarf-with-dsym";
				ENABLE_NS_ASSERTIONS = NO;
				ENABLE_STRICT_OBJC_MSGSEND = YES;
				GCC_C_LANGUAGE_STANDARD = gnu11;
				GCC_NO_COMMON_BLOCKS = YES;
				GCC_WARN_64_TO_32_BIT_CONVERSION = YES;
				GCC_WARN_ABOUT_RETURN_TYPE = YES_ERROR;
				GCC_WARN_UNDECLARED_SELECTOR = YES;
				GCC_WARN_UNINITIALIZED_AUTOS = YES_AGGRESSIVE;
				GCC_WARN_UNUSED_FUNCTION = YES;
				GCC_WARN_UNUSED_VARIABLE = YES;
				IPHONEOS_DEPLOYMENT_TARGET = 12.2;
				MTL_ENABLE_DEBUG_INFO = NO;
				MTL_FAST_MATH = YES;
				SDKROOT = iphoneos;
				VALIDATE_PRODUCT = YES;
			};
			name = Release;
		};
		D2A7C0A52320BD1800A60708 /* Debug */ = {
			isa = XCBuildConfiguration;
			baseConfigurationReference = D8F2C7549D7EAB7C248962DF /* Pods-HJExcelTable.debug.xcconfig */;
			buildSettings = {
				ASSETCATALOG_COMPILER_APPICON_NAME = AppIcon;
				CODE_SIGN_STYLE = Automatic;
				DEVELOPMENT_TEAM = 75BX3DRZB6;
				INFOPLIST_FILE = HJExcelTable/Info.plist;
				LD_RUNPATH_SEARCH_PATHS = (
					"$(inherited)",
					"@executable_path/Frameworks",
				);
				PRODUCT_BUNDLE_IDENTIFIER = com.psl.whj.HJExcelTable;
				PRODUCT_NAME = "$(TARGET_NAME)";
				TARGETED_DEVICE_FAMILY = "1,2";
			};
			name = Debug;
		};
		D2A7C0A62320BD1800A60708 /* Release */ = {
			isa = XCBuildConfiguration;
			baseConfigurationReference = 42DA07CA019944BDFE2C4095 /* Pods-HJExcelTable.release.xcconfig */;
			buildSettings = {
				ASSETCATALOG_COMPILER_APPICON_NAME = AppIcon;
				CODE_SIGN_STYLE = Automatic;
				DEVELOPMENT_TEAM = 75BX3DRZB6;
				INFOPLIST_FILE = HJExcelTable/Info.plist;
				LD_RUNPATH_SEARCH_PATHS = (
					"$(inherited)",
					"@executable_path/Frameworks",
				);
				PRODUCT_BUNDLE_IDENTIFIER = com.psl.whj.HJExcelTable;
				PRODUCT_NAME = "$(TARGET_NAME)";
				TARGETED_DEVICE_FAMILY = "1,2";
			};
			name = Release;
		};
		D2A7C0A82320BD1800A60708 /* Debug */ = {
			isa = XCBuildConfiguration;
			buildSettings = {
				BUNDLE_LOADER = "$(TEST_HOST)";
				CODE_SIGN_STYLE = Automatic;
				DEVELOPMENT_TEAM = 75BX3DRZB6;
				INFOPLIST_FILE = HJExcelTableTests/Info.plist;
				LD_RUNPATH_SEARCH_PATHS = (
					"$(inherited)",
					"@executable_path/Frameworks",
					"@loader_path/Frameworks",
				);
				PRODUCT_BUNDLE_IDENTIFIER = com.psl.whj.HJExcelTableTests;
				PRODUCT_NAME = "$(TARGET_NAME)";
				TARGETED_DEVICE_FAMILY = "1,2";
				TEST_HOST = "$(BUILT_PRODUCTS_DIR)/HJExcelTable.app/HJExcelTable";
			};
			name = Debug;
		};
		D2A7C0A92320BD1800A60708 /* Release */ = {
			isa = XCBuildConfiguration;
			buildSettings = {
				BUNDLE_LOADER = "$(TEST_HOST)";
				CODE_SIGN_STYLE = Automatic;
				DEVELOPMENT_TEAM = 75BX3DRZB6;
				INFOPLIST_FILE = HJExcelTableTests/Info.plist;
				LD_RUNPATH_SEARCH_PATHS = (
					"$(inherited)",
					"@executable_path/Frameworks",
					"@loader_path/Frameworks",
				);
				PRODUCT_BUNDLE_IDENTIFIER = com.psl.whj.HJExcelTableTests;
				PRODUCT_NAME = "$(TARGET_NAME)";
				TARGETED_DEVICE_FAMILY = "1,2";
				TEST_HOST = "$(BUILT_PRODUCTS_DIR)/HJExcelTable.app/HJExcelTable";
			};
			name = Release;
		};
		D2A7C0AB2320BD1800A60708 /* Debug */ = {
			isa = XCBuildConfiguration;
			buildSettings = {
				CODE_SIGN_STYLE = Automatic;
				DEVELOPMENT_TEAM = 75BX3DRZB6;
				INFOPLIST_FILE = HJExcelTableUITests/Info.plist;
				LD_RUNPATH_SEARCH_PATHS = (
					"$(inherited)",
					"@executable_path/Frameworks",
					"@loader_path/Frameworks",
				);
				PRODUCT_BUNDLE_IDENTIFIER = com.psl.whj.HJExcelTableUITests;
				PRODUCT_NAME = "$(TARGET_NAME)";
				TARGETED_DEVICE_FAMILY = "1,2";
				TEST_TARGET_NAME = HJExcelTable;
			};
			name = Debug;
		};
		D2A7C0AC2320BD1800A60708 /* Release */ = {
			isa = XCBuildConfiguration;
			buildSettings = {
				CODE_SIGN_STYLE = Automatic;
				DEVELOPMENT_TEAM = 75BX3DRZB6;
				INFOPLIST_FILE = HJExcelTableUITests/Info.plist;
				LD_RUNPATH_SEARCH_PATHS = (
					"$(inherited)",
					"@executable_path/Frameworks",
					"@loader_path/Frameworks",
				);
				PRODUCT_BUNDLE_IDENTIFIER = com.psl.whj.HJExcelTableUITests;
				PRODUCT_NAME = "$(TARGET_NAME)";
				TARGETED_DEVICE_FAMILY = "1,2";
				TEST_TARGET_NAME = HJExcelTable;
			};
			name = Release;
		};
/* End XCBuildConfiguration section */

/* Begin XCConfigurationList section */
		D2A7C0732320BD1500A60708 /* Build configuration list for PBXProject "HJExcelTable" */ = {
			isa = XCConfigurationList;
			buildConfigurations = (
				D2A7C0A22320BD1800A60708 /* Debug */,
				D2A7C0A32320BD1800A60708 /* Release */,
			);
			defaultConfigurationIsVisible = 0;
			defaultConfigurationName = Release;
		};
		D2A7C0A42320BD1800A60708 /* Build configuration list for PBXNativeTarget "HJExcelTable" */ = {
			isa = XCConfigurationList;
			buildConfigurations = (
				D2A7C0A52320BD1800A60708 /* Debug */,
				D2A7C0A62320BD1800A60708 /* Release */,
			);
			defaultConfigurationIsVisible = 0;
			defaultConfigurationName = Release;
		};
		D2A7C0A72320BD1800A60708 /* Build configuration list for PBXNativeTarget "HJExcelTableTests" */ = {
			isa = XCConfigurationList;
			buildConfigurations = (
				D2A7C0A82320BD1800A60708 /* Debug */,
				D2A7C0A92320BD1800A60708 /* Release */,
			);
			defaultConfigurationIsVisible = 0;
			defaultConfigurationName = Release;
		};
		D2A7C0AA2320BD1800A60708 /* Build configuration list for PBXNativeTarget "HJExcelTableUITests" */ = {
			isa = XCConfigurationList;
			buildConfigurations = (
				D2A7C0AB2320BD1800A60708 /* Debug */,
				D2A7C0AC2320BD1800A60708 /* Release */,
			);
			defaultConfigurationIsVisible = 0;
			defaultConfigurationName = Release;
		};
/* End XCConfigurationList section */
	};
	rootObject = D2A7C0702320BD1500A60708 /* Project object */;
}
